
Microsoft Visual Studio Solution File, Format Version 12.00
# Visual Studio 14
VisualStudioVersion = 14.0.25420.1
MinimumVisualStudioVersion = 10.0.40219.1
Project("{FAE04EC0-301F-11D3-BF4B-00C04F79EFBC}") = "GeekBrainsLearnCSharp", "GeekBrainsLearnCSharp.csproj", "{D30DA1E5-BFB1-40E8-ADA8-4296A9B3B3AA}"
EndProject
Global
	GlobalSection(SolutionConfigurationPlatforms) = preSolution
		Debug|Any CPU = Debug|Any CPU
		Release|Any CPU = Release|Any CPU
	EndGlobalSection
	GlobalSection(ProjectConfigurationPlatforms) = postSolution
		{D30DA1E5-BFB1-40E8-ADA8-4296A9B3B3AA}.Debug|Any CPU.ActiveCfg = Debug|Any CPU
		{D30DA1E5-BFB1-40E8-ADA8-4296A9B3B3AA}.Debug|Any CPU.Build.0 = Debug|Any CPU
		{D30DA1E5-BFB1-40E8-ADA8-4296A9B3B3AA}.Release|Any CPU.ActiveCfg = Release|Any CPU
		{D30DA1E5-BFB1-40E8-ADA8-4296A9B3B3AA}.Release|Any CPU.Build.0 = Release|Any CPU
	EndGlobalSection
	GlobalSection(SolutionProperties) = preSolution
		HideSolutionNode = FALSE
	EndGlobalSection
EndGlobal
